
Microsoft Visual Studio Solution File, Format Version 12.00
# Visual Studio 2015
Project("{FAE04EC0-301F-11D3-BF4B-00C04F79EFBC}") = "Buttons", "Buttons.csproj", "{2C2774CC-B692-6377-1C7A-D211A4FF9D7E}"
EndProject
Project("{FAE04EC0-301F-11D3-BF4B-00C04F79EFBC}") = "Buttons.Editor", "Buttons.Editor.csproj", "{60189AAE-5E29-57B3-0075-5ECC2952CAE8}"
EndProject
Global
	GlobalSection(SolutionConfigurationPlatforms) = preSolution
		Debug|Any CPU = Debug|Any CPU
		Release|Any CPU = Release|Any CPU
	EndGlobalSection
	GlobalSection(ProjectConfigurationPlatforms) = postSolution
		{2C2774CC-B692-6377-1C7A-D211A4FF9D7E}.Debug|Any CPU.ActiveCfg = Debug|Any CPU
		{2C2774CC-B692-6377-1C7A-D211A4FF9D7E}.Debug|Any CPU.Build.0 = Debug|Any CPU
		{2C2774CC-B692-6377-1C7A-D211A4FF9D7E}.Release|Any CPU.ActiveCfg = Release|Any CPU
		{2C2774CC-B692-6377-1C7A-D211A4FF9D7E}.Release|Any CPU.Build.0 = Release|Any CPU
		{60189AAE-5E29-57B3-0075-5ECC2952CAE8}.Debug|Any CPU.ActiveCfg = Debug|Any CPU
		{60189AAE-5E29-57B3-0075-5ECC2952CAE8}.Debug|Any CPU.Build.0 = Debug|Any CPU
		{60189AAE-5E29-57B3-0075-5ECC2952CAE8}.Release|Any CPU.ActiveCfg = Release|Any CPU
		{60189AAE-5E29-57B3-0075-5ECC2952CAE8}.Release|Any CPU.Build.0 = Release|Any CPU
	EndGlobalSection
	GlobalSection(SolutionProperties) = preSolution
		HideSolutionNode = FALSE
	EndGlobalSection
EndGlobal
